
Microsoft Visual Studio Solution File, Format Version 12.00
# Visual Studio 15
VisualStudioVersion = 15.0.27130.2027
MinimumVisualStudioVersion = 10.0.40219.1
Project("{FAE04EC0-301F-11D3-BF4B-00C04F79EFBC}") = "Patterns.Observer", "Patterns.Observer\Patterns.Observer.csproj", "{0868B0DF-4C1F-4969-BE48-593CD91EFEFA}"
EndProject
Project("{2150E333-8FDC-42A3-9474-1A3956D46DE8}") = "Behaviour", "Behaviour", "{BB96A442-F61C-484C-A056-F157368FF066}"
EndProject
Project("{FAE04EC0-301F-11D3-BF4B-00C04F79EFBC}") = "Patterns.Strategy", "Patterns.Strategy\Patterns.Strategy.csproj", "{2C4A0877-FB74-457D-9114-CD39A53CF76D}"
EndProject
Global
	GlobalSection(SolutionConfigurationPlatforms) = preSolution
		Debug|Any CPU = Debug|Any CPU
		Release|Any CPU = Release|Any CPU
	EndGlobalSection
	GlobalSection(ProjectConfigurationPlatforms) = postSolution
		{0868B0DF-4C1F-4969-BE48-593CD91EFEFA}.Debug|Any CPU.ActiveCfg = Debug|Any CPU
		{0868B0DF-4C1F-4969-BE48-593CD91EFEFA}.Debug|Any CPU.Build.0 = Debug|Any CPU
		{0868B0DF-4C1F-4969-BE48-593CD91EFEFA}.Release|Any CPU.ActiveCfg = Release|Any CPU
		{0868B0DF-4C1F-4969-BE48-593CD91EFEFA}.Release|Any CPU.Build.0 = Release|Any CPU
		{2C4A0877-FB74-457D-9114-CD39A53CF76D}.Debug|Any CPU.ActiveCfg = Debug|Any CPU
		{2C4A0877-FB74-457D-9114-CD39A53CF76D}.Debug|Any CPU.Build.0 = Debug|Any CPU
		{2C4A0877-FB74-457D-9114-CD39A53CF76D}.Release|Any CPU.ActiveCfg = Release|Any CPU
		{2C4A0877-FB74-457D-9114-CD39A53CF76D}.Release|Any CPU.Build.0 = Release|Any CPU
	EndGlobalSection
	GlobalSection(SolutionProperties) = preSolution
		HideSolutionNode = FALSE
	EndGlobalSection
	GlobalSection(NestedProjects) = preSolution
		{0868B0DF-4C1F-4969-BE48-593CD91EFEFA} = {BB96A442-F61C-484C-A056-F157368FF066}
		{2C4A0877-FB74-457D-9114-CD39A53CF76D} = {BB96A442-F61C-484C-A056-F157368FF066}
	EndGlobalSection
	GlobalSection(ExtensibilityGlobals) = postSolution
		SolutionGuid = {CBDFB673-582A-462E-8970-A938EDEDC610}
	EndGlobalSection
EndGlobal
