
Microsoft Visual Studio Solution File, Format Version 12.00
# Visual Studio 15
VisualStudioVersion = 15.0.27130.2027
MinimumVisualStudioVersion = 10.0.40219.1
Project("{FAE04EC0-301F-11D3-BF4B-00C04F79EFBC}") = "Patterns.Observer", "Patterns.Observer\Patterns.Observer.csproj", "{0868B0DF-4C1F-4969-BE48-593CD91EFEFA}"
EndProject
Project("{2150E333-8FDC-42A3-9474-1A3956D46DE8}") = "Behaviour", "Behaviour", "{BB96A442-F61C-484C-A056-F157368FF066}"
EndProject
Project("{FAE04EC0-301F-11D3-BF4B-00C04F79EFBC}") = "Patterns.Strategy", "Patterns.Strategy\Patterns.Strategy.csproj", "{2C4A0877-FB74-457D-9114-CD39A53CF76D}"
EndProject
Project("{2150E333-8FDC-42A3-9474-1A3956D46DE8}") = "Structural", "Structural", "{7B575BF1-70AF-4917-A12C-474DD996C853}"
EndProject
Project("{FAE04EC0-301F-11D3-BF4B-00C04F79EFBC}") = "Patterns.Decorator", "Patterns.Decorator\Patterns.Decorator.csproj", "{79BEEF2C-DF3E-4E3F-B842-41FED025862B}"
EndProject
Project("{FAE04EC0-301F-11D3-BF4B-00C04F79EFBC}") = "Patterns.Adapter", "Patterns.Adapter\Patterns.Adapter.csproj", "{C7B650AC-5E56-4426-AB2C-D847FD3F4F8E}"
EndProject
Project("{FAE04EC0-301F-11D3-BF4B-00C04F79EFBC}") = "Patterns.Facade", "Patterns.Facade\Patterns.Facade.csproj", "{3D8C7289-6BF1-4005-94C0-C9DCB1164BF9}"
EndProject
Global
	GlobalSection(SolutionConfigurationPlatforms) = preSolution
		Debug|Any CPU = Debug|Any CPU
		Release|Any CPU = Release|Any CPU
	EndGlobalSection
	GlobalSection(ProjectConfigurationPlatforms) = postSolution
		{0868B0DF-4C1F-4969-BE48-593CD91EFEFA}.Debug|Any CPU.ActiveCfg = Debug|Any CPU
		{0868B0DF-4C1F-4969-BE48-593CD91EFEFA}.Debug|Any CPU.Build.0 = Debug|Any CPU
		{0868B0DF-4C1F-4969-BE48-593CD91EFEFA}.Release|Any CPU.ActiveCfg = Release|Any CPU
		{0868B0DF-4C1F-4969-BE48-593CD91EFEFA}.Release|Any CPU.Build.0 = Release|Any CPU
		{2C4A0877-FB74-457D-9114-CD39A53CF76D}.Debug|Any CPU.ActiveCfg = Debug|Any CPU
		{2C4A0877-FB74-457D-9114-CD39A53CF76D}.Debug|Any CPU.Build.0 = Debug|Any CPU
		{2C4A0877-FB74-457D-9114-CD39A53CF76D}.Release|Any CPU.ActiveCfg = Release|Any CPU
		{2C4A0877-FB74-457D-9114-CD39A53CF76D}.Release|Any CPU.Build.0 = Release|Any CPU
		{79BEEF2C-DF3E-4E3F-B842-41FED025862B}.Debug|Any CPU.ActiveCfg = Debug|Any CPU
		{79BEEF2C-DF3E-4E3F-B842-41FED025862B}.Debug|Any CPU.Build.0 = Debug|Any CPU
		{79BEEF2C-DF3E-4E3F-B842-41FED025862B}.Release|Any CPU.ActiveCfg = Release|Any CPU
		{79BEEF2C-DF3E-4E3F-B842-41FED025862B}.Release|Any CPU.Build.0 = Release|Any CPU
		{C7B650AC-5E56-4426-AB2C-D847FD3F4F8E}.Debug|Any CPU.ActiveCfg = Debug|Any CPU
		{C7B650AC-5E56-4426-AB2C-D847FD3F4F8E}.Debug|Any CPU.Build.0 = Debug|Any CPU
		{C7B650AC-5E56-4426-AB2C-D847FD3F4F8E}.Release|Any CPU.ActiveCfg = Release|Any CPU
		{C7B650AC-5E56-4426-AB2C-D847FD3F4F8E}.Release|Any CPU.Build.0 = Release|Any CPU
		{3D8C7289-6BF1-4005-94C0-C9DCB1164BF9}.Debug|Any CPU.ActiveCfg = Debug|Any CPU
		{3D8C7289-6BF1-4005-94C0-C9DCB1164BF9}.Debug|Any CPU.Build.0 = Debug|Any CPU
		{3D8C7289-6BF1-4005-94C0-C9DCB1164BF9}.Release|Any CPU.ActiveCfg = Release|Any CPU
		{3D8C7289-6BF1-4005-94C0-C9DCB1164BF9}.Release|Any CPU.Build.0 = Release|Any CPU
	EndGlobalSection
	GlobalSection(SolutionProperties) = preSolution
		HideSolutionNode = FALSE
	EndGlobalSection
	GlobalSection(NestedProjects) = preSolution
		{0868B0DF-4C1F-4969-BE48-593CD91EFEFA} = {BB96A442-F61C-484C-A056-F157368FF066}
		{2C4A0877-FB74-457D-9114-CD39A53CF76D} = {BB96A442-F61C-484C-A056-F157368FF066}
		{79BEEF2C-DF3E-4E3F-B842-41FED025862B} = {7B575BF1-70AF-4917-A12C-474DD996C853}
		{C7B650AC-5E56-4426-AB2C-D847FD3F4F8E} = {7B575BF1-70AF-4917-A12C-474DD996C853}
		{3D8C7289-6BF1-4005-94C0-C9DCB1164BF9} = {7B575BF1-70AF-4917-A12C-474DD996C853}
	EndGlobalSection
	GlobalSection(ExtensibilityGlobals) = postSolution
		SolutionGuid = {CBDFB673-582A-462E-8970-A938EDEDC610}
	EndGlobalSection
EndGlobal
